
Microsoft Visual Studio Solution File, Format Version 12.00
# Visual Studio Version 16
VisualStudioVersion = 16.0.30114.105
MinimumVisualStudioVersion = 10.0.40219.1
Project("{FAE04EC0-301F-11D3-BF4B-00C04F79EFBC}") = "LibDTSoundData", "LibDTSoundData\LibDTSoundData.csproj", "{D5E831B2-A7D3-4CD3-9836-5206259DBA21}"
EndProject
Project("{FAE04EC0-301F-11D3-BF4B-00C04F79EFBC}") = "DreamTeamSoundToolConsole", "DreamTeamSoundToolConsole\DreamTeamSoundToolConsole.csproj", "{0770E1A7-EDDF-4592-B64D-59BFC56985D7}"
EndProject
Global
	GlobalSection(SolutionConfigurationPlatforms) = preSolution
		Debug|Any CPU = Debug|Any CPU
		Release|Any CPU = Release|Any CPU
	EndGlobalSection
	GlobalSection(SolutionProperties) = preSolution
		HideSolutionNode = FALSE
	EndGlobalSection
	GlobalSection(ProjectConfigurationPlatforms) = postSolution
		{D5E831B2-A7D3-4CD3-9836-5206259DBA21}.Debug|Any CPU.ActiveCfg = Debug|Any CPU
		{D5E831B2-A7D3-4CD3-9836-5206259DBA21}.Debug|Any CPU.Build.0 = Debug|Any CPU
		{D5E831B2-A7D3-4CD3-9836-5206259DBA21}.Release|Any CPU.ActiveCfg = Release|Any CPU
		{D5E831B2-A7D3-4CD3-9836-5206259DBA21}.Release|Any CPU.Build.0 = Release|Any CPU
		{0770E1A7-EDDF-4592-B64D-59BFC56985D7}.Debug|Any CPU.ActiveCfg = Debug|Any CPU
		{0770E1A7-EDDF-4592-B64D-59BFC56985D7}.Debug|Any CPU.Build.0 = Debug|Any CPU
		{0770E1A7-EDDF-4592-B64D-59BFC56985D7}.Release|Any CPU.ActiveCfg = Release|Any CPU
		{0770E1A7-EDDF-4592-B64D-59BFC56985D7}.Release|Any CPU.Build.0 = Release|Any CPU
	EndGlobalSection
EndGlobal
